# THIS IS AN AUTOGENERATED FILE. DO NOT EDIT THIS FILE DIRECTLY.
# yarn lockfile v1


"@types/node@18.x":
  version "18.15.13"
  resolved "https://registry.yarnpkg.com/@types/node/-/node-18.15.13.tgz#f64277c341150c979e42b00e4ac289290c9df469"
  integrity sha512-N+0kuo9KgrUQ1Sn/ifDXsvg0TTleP7rIy4zOBGECxAljqvqfqpTfzx0Q1NUedOixRMBfe2Whhb056a42cWs26Q==

jsonc-parser@2.3.1:
  version "2.3.1"
  resolved "https://registry.yarnpkg.com/jsonc-parser/-/jsonc-parser-2.3.1.tgz#59549150b133f2efacca48fe9ce1ec0659af2342"
  integrity sha512-H8jvkz1O50L3dMZCsLqiuB2tA7muqbSg1AtGEkN0leAqGjsUzDJir3Zwr02BhqdcITPg3ei3mZ+HjMocAknhhg==
