# THIS IS AN AUTOGENERATED FILE. DO NOT EDIT THIS FILE DIRECTLY.
# yarn lockfile v1


"@microsoft/1ds-core-js@4.1.2", "@microsoft/1ds-core-js@^4.1.0":
  version "4.1.2"
  resolved "https://registry.yarnpkg.com/@microsoft/1ds-core-js/-/1ds-core-js-4.1.2.tgz#2c47d39d0c4205677bcc54247b64311b58b13db8"
  integrity sha512-m1MeUdPtDqq4D7qmirMBgiHQNQs8wkUoTxA44RTtki6kup8cF1c4WYXsxvHJ8R4C/wbm+HRM9PxBqI5JH3d58Q==
  dependencies:
    "@microsoft/applicationinsights-core-js" "3.1.2"
    "@microsoft/applicationinsights-shims" "3.0.1"
    "@microsoft/dynamicproto-js" "^2.0.3"
    "@nevware21/ts-async" ">= 0.3.0 < 2.x"
    "@nevware21/ts-utils" ">= 0.11.0 < 2.x"

"@microsoft/1ds-post-js@^4.1.0":
  version "4.1.2"
  resolved "https://registry.yarnpkg.com/@microsoft/1ds-post-js/-/1ds-post-js-4.1.2.tgz#850b69ccf2b61c50817dd628f44ff1c21618aca8"
  integrity sha512-rfuILnEZqXtZaPQf+WRF/zYZ6V0Dxh0W9lWiVM9aY2Enuh8fEvbjeeXGk0n/jGXeko/bLXevmOaMrZw9x1pIVw==
  dependencies:
    "@microsoft/1ds-core-js" "4.1.2"
    "@microsoft/applicationinsights-shims" "3.0.1"
    "@microsoft/dynamicproto-js" "^2.0.3"
    "@nevware21/ts-async" ">= 0.3.0 < 2.x"
    "@nevware21/ts-utils" ">= 0.11.0 < 2.x"

"@microsoft/applicationinsights-channel-js@3.1.2":
  version "3.1.2"
  resolved "https://registry.yarnpkg.com/@microsoft/applicationinsights-channel-js/-/applicationinsights-channel-js-3.1.2.tgz#683d4f9cfa0ea317eb53d26095a519a26d3d2086"
  integrity sha512-QyPxpOOhtohFzcl4tzfWp4seN6JaToF66DZ1qjsYkUmEyHAackWSsv9m7qvuaAcCB9WrUzW9y0mRXgGKsEJcAg==
  dependencies:
    "@microsoft/applicationinsights-common" "3.1.2"
    "@microsoft/applicationinsights-core-js" "3.1.2"
    "@microsoft/applicationinsights-shims" "3.0.1"
    "@microsoft/dynamicproto-js" "^2.0.3"
    "@nevware21/ts-async" ">= 0.3.0 < 2.x"
    "@nevware21/ts-utils" ">= 0.11.0 < 2.x"

"@microsoft/applicationinsights-common@3.1.2":
  version "3.1.2"
  resolved "https://registry.yarnpkg.com/@microsoft/applicationinsights-common/-/applicationinsights-common-3.1.2.tgz#c03ae5bbbac2daff5aae1f7ae86514f958fcef7e"
  integrity sha512-ivu3s73xt6Owakepnx2mbrMCry1mVHrA/2TL4nKCRLad6O3IBK3MkruMoeb3hoWpECBhErFRVj+/b0Kh7dl/Lw==
  dependencies:
    "@microsoft/applicationinsights-core-js" "3.1.2"
    "@microsoft/applicationinsights-shims" "3.0.1"
    "@microsoft/dynamicproto-js" "^2.0.3"
    "@nevware21/ts-utils" ">= 0.11.0 < 2.x"

"@microsoft/applicationinsights-core-js@3.1.2":
  version "3.1.2"
  resolved "https://registry.yarnpkg.com/@microsoft/applicationinsights-core-js/-/applicationinsights-core-js-3.1.2.tgz#8567008bc14f0c61f8fa01642087f3a1c2ae88d3"
  integrity sha512-xsJAm52tV355S/MogTunV/m1wg6P6tFg9Yhi4AC2OE9p2aa0k/FYHzWmrCrsEAVimCd8n/iTXmMRSrQk5QpxiA==
  dependencies:
    "@microsoft/applicationinsights-shims" "3.0.1"
    "@microsoft/dynamicproto-js" "^2.0.3"
    "@nevware21/ts-async" ">= 0.3.0 < 2.x"
    "@nevware21/ts-utils" ">= 0.11.0 < 2.x"

"@microsoft/applicationinsights-shims@3.0.1":
  version "3.0.1"
  resolved "https://registry.yarnpkg.com/@microsoft/applicationinsights-shims/-/applicationinsights-shims-3.0.1.tgz#3865b73ace8405b9c4618cc5c571f2fe3876f06f"
  integrity sha512-DKwboF47H1nb33rSUfjqI6ryX29v+2QWcTrRvcQDA32AZr5Ilkr7whOOSsD1aBzwqX0RJEIP1Z81jfE3NBm/Lg==
  dependencies:
    "@nevware21/ts-utils" ">= 0.9.4 < 2.x"

"@microsoft/applicationinsights-web-basic@^3.1.0":
  version "3.1.2"
  resolved "https://registry.yarnpkg.com/@microsoft/applicationinsights-web-basic/-/applicationinsights-web-basic-3.1.2.tgz#39a4440e20c9108d21c05f9832cd6929921d5ed4"
  integrity sha512-NUnAk/ML9ClnmiQQRo3Fq2obzJVZAfGTgkQOwobZMvNhBVK5IPuv/ROEEAVbl02Go9AjV5uCZ+QoRhTfWrIumQ==
  dependencies:
    "@microsoft/applicationinsights-channel-js" "3.1.2"
    "@microsoft/applicationinsights-common" "3.1.2"
    "@microsoft/applicationinsights-core-js" "3.1.2"
    "@microsoft/applicationinsights-shims" "3.0.1"
    "@microsoft/dynamicproto-js" "^2.0.3"
    "@nevware21/ts-async" ">= 0.3.0 < 2.x"
    "@nevware21/ts-utils" ">= 0.11.0 < 2.x"

"@microsoft/dynamicproto-js@^2.0.3":
  version "2.0.3"
  resolved "https://registry.yarnpkg.com/@microsoft/dynamicproto-js/-/dynamicproto-js-2.0.3.tgz#ae2b408061e3ff01a97078429fc768331e239256"
  integrity sha512-JTWTU80rMy3mdxOjjpaiDQsTLZ6YSGGqsjURsY6AUQtIj0udlF/jYmhdLZu8693ZIC0T1IwYnFa0+QeiMnziBA==
  dependencies:
    "@nevware21/ts-utils" ">= 0.10.4 < 2.x"

"@nevware21/ts-async@>= 0.3.0 < 2.x":
  version "0.4.0"
  resolved "https://registry.yarnpkg.com/@nevware21/ts-async/-/ts-async-0.4.0.tgz#2a581f0dd436379ec9f448cfab9e5a6a4c349d11"
  integrity sha512-dbV826TTehQIBIJjh8GDSbwn1Z6+cnkyNbRlpcpdBPH8mROD2zabIUKqWcw9WRdTjjUIm21K+OR4DXWlAyOVTQ==
  dependencies:
    "@nevware21/ts-utils" ">= 0.10.0 < 2.x"

"@nevware21/ts-utils@>= 0.10.0 < 2.x", "@nevware21/ts-utils@>= 0.10.4 < 2.x", "@nevware21/ts-utils@>= 0.11.0 < 2.x", "@nevware21/ts-utils@>= 0.9.4 < 2.x":
  version "0.11.0"
  resolved "https://registry.yarnpkg.com/@nevware21/ts-utils/-/ts-utils-0.11.0.tgz#e62a31f50db3d5df8ec9235784025958ed84c149"
  integrity sha512-3yrohCSKYBLKrW41fYkZorN2rf9GYr/4Cb4Xu9fWCyXgVDyt1uLgMaCinhx0kEkEUfME3Smqs+2itJRhXgCo8Q==

"@vscode/extension-telemetry@0.9.3":
  version "0.9.3"
  resolved "https://registry.yarnpkg.com/@vscode/extension-telemetry/-/extension-telemetry-0.9.3.tgz#d4aba2a96036bdc35a5a7391fa3b0978ea0d7a36"
  integrity sha512-F1to8DhI5wP30/gqUDeX5LA/eyUuGbGgDMbSuVUJeER+7byehcpsYW2ySjVDHlfXqwGIvMd+QW9g+p0zWaFS3w==
  dependencies:
    "@microsoft/1ds-core-js" "^4.1.0"
    "@microsoft/1ds-post-js" "^4.1.0"
    "@microsoft/applicationinsights-web-basic" "^3.1.0"

vscode-uri@^3.0.7:
  version "3.0.7"
  resolved "https://registry.yarnpkg.com/vscode-uri/-/vscode-uri-3.0.7.tgz#6d19fef387ee6b46c479e5fb00870e15e58c1eb8"
  integrity sha512-eOpPHogvorZRobNqJGhapa0JdwaxpjVvyBp0QIUMRMSf8ZAlqOdEquKuRmw9Qwu0qXtJIWqFtMkmvJjUZmMjVA==
