# THIS IS AN AUTOGENERATED FILE. DO NOT EDIT THIS FILE DIRECTLY.
# yarn lockfile v1


"@microsoft/1ds-core-js@4.0.4", "@microsoft/1ds-core-js@^4.0.3":
  version "4.0.4"
  resolved "https://registry.yarnpkg.com/@microsoft/1ds-core-js/-/1ds-core-js-4.0.4.tgz#0f930ccc8743ef4ed951c0cba80ca55129cba522"
  integrity sha512-QOCE0fTDOMNptB791chnVlfnRvb7faDQTaUIO3DfPBkvjF3PUAJJCsqJKWitw7nwVn8L82TFx+K22UifIr0zkg==
  dependencies:
    "@microsoft/applicationinsights-core-js" "3.0.5"
    "@microsoft/applicationinsights-shims" "3.0.1"
    "@microsoft/dynamicproto-js" "^2.0.2"
    "@nevware21/ts-async" ">= 0.3.0 < 2.x"
    "@nevware21/ts-utils" ">= 0.10.1 < 2.x"

"@microsoft/1ds-post-js@^4.0.3":
  version "4.0.4"
  resolved "https://registry.yarnpkg.com/@microsoft/1ds-post-js/-/1ds-post-js-4.0.4.tgz#a965d47edc177228484035aaecae75b544f1d9c7"
  integrity sha512-jlPNL16iRXzmXfriGXv0INzrAl3AeDx+eCORjq8ZjRhIvohB6Q88m5E28nL6Drf5hJWE2ehoW4q8Vh612VoEHw==
  dependencies:
    "@microsoft/1ds-core-js" "4.0.4"
    "@microsoft/applicationinsights-shims" "3.0.1"
    "@microsoft/dynamicproto-js" "^2.0.2"
    "@nevware21/ts-async" ">= 0.3.0 < 2.x"
    "@nevware21/ts-utils" ">= 0.10.1 < 2.x"

"@microsoft/applicationinsights-channel-js@3.0.6":
  version "3.0.6"
  resolved "https://registry.yarnpkg.com/@microsoft/applicationinsights-channel-js/-/applicationinsights-channel-js-3.0.6.tgz#084a09c94ea7be0edbb07579bf4a29a8d0b89740"
  integrity sha512-nWcElBm7OKUv7w0xvegxrQFbMH2NSLBU8WBSaTaiqo48aXqWnKWrqEaGvCGKpOCH5G33of3XC7DUJ6f4gdOEcA==
  dependencies:
    "@microsoft/applicationinsights-common" "3.0.6"
    "@microsoft/applicationinsights-core-js" "3.0.6"
    "@microsoft/applicationinsights-shims" "3.0.1"
    "@microsoft/dynamicproto-js" "^2.0.2"
    "@nevware21/ts-async" ">= 0.3.0 < 2.x"
    "@nevware21/ts-utils" ">= 0.10.1 < 2.x"

"@microsoft/applicationinsights-common@3.0.6":
  version "3.0.6"
  resolved "https://registry.yarnpkg.com/@microsoft/applicationinsights-common/-/applicationinsights-common-3.0.6.tgz#1720f5159e7087b6605254ea51f6f9a9a6ad8535"
  integrity sha512-GlmuaE+U1G7IbfGuElOYdKjmFMErI5b1iJpDfWXY6qpoL2a/sBIc1dviw7NP2/4CwFBkoFGPMDT/3aO3e7Yu3w==
  dependencies:
    "@microsoft/applicationinsights-core-js" "3.0.6"
    "@microsoft/applicationinsights-shims" "3.0.1"
    "@microsoft/dynamicproto-js" "^2.0.2"
    "@nevware21/ts-utils" ">= 0.10.1 < 2.x"

"@microsoft/applicationinsights-core-js@3.0.5":
  version "3.0.5"
  resolved "https://registry.yarnpkg.com/@microsoft/applicationinsights-core-js/-/applicationinsights-core-js-3.0.5.tgz#c6051f5b5087ec42756169b31fb1148fb10bb606"
  integrity sha512-/x+tkxsVALNWSvwGMyaLwFPdD3p156Pef9WHftXrzrKkJ+685nhrwm9MqHIyEHHpSW09ElOdpJ3rfFVqpKRQyQ==
  dependencies:
    "@microsoft/applicationinsights-shims" "3.0.1"
    "@microsoft/dynamicproto-js" "^2.0.2"
    "@nevware21/ts-async" ">= 0.3.0 < 2.x"
    "@nevware21/ts-utils" ">= 0.10.1 < 2.x"

"@microsoft/applicationinsights-core-js@3.0.6":
  version "3.0.6"
  resolved "https://registry.yarnpkg.com/@microsoft/applicationinsights-core-js/-/applicationinsights-core-js-3.0.6.tgz#98b91baa533300576933643c20e148099c16dbdd"
  integrity sha512-9OFBYckg/msyllE0NOwXgCvwHochKKUDbydl3LF3UcltGIE14pLYoXiWJd9+m+oRaf0k3CUYl2mVcyytWgPQZw==
  dependencies:
    "@microsoft/applicationinsights-shims" "3.0.1"
    "@microsoft/dynamicproto-js" "^2.0.2"
    "@nevware21/ts-async" ">= 0.3.0 < 2.x"
    "@nevware21/ts-utils" ">= 0.10.1 < 2.x"

"@microsoft/applicationinsights-shims@3.0.1":
  version "3.0.1"
  resolved "https://registry.yarnpkg.com/@microsoft/applicationinsights-shims/-/applicationinsights-shims-3.0.1.tgz#3865b73ace8405b9c4618cc5c571f2fe3876f06f"
  integrity sha512-DKwboF47H1nb33rSUfjqI6ryX29v+2QWcTrRvcQDA32AZr5Ilkr7whOOSsD1aBzwqX0RJEIP1Z81jfE3NBm/Lg==
  dependencies:
    "@nevware21/ts-utils" ">= 0.9.4 < 2.x"

"@microsoft/applicationinsights-web-basic@^3.0.4":
  version "3.0.6"
  resolved "https://registry.yarnpkg.com/@microsoft/applicationinsights-web-basic/-/applicationinsights-web-basic-3.0.6.tgz#c92c65d5cbafb48beed110f388a92567f4522af3"
  integrity sha512-HwhZha6c78BVrkgRX5OaZBCO4hX4FlikvVHMKAQHLv1Le9nN7sBnt5VNiV5ikjA3ir04vRXmrDCn0GomMiKZ0g==
  dependencies:
    "@microsoft/applicationinsights-channel-js" "3.0.6"
    "@microsoft/applicationinsights-common" "3.0.6"
    "@microsoft/applicationinsights-core-js" "3.0.6"
    "@microsoft/applicationinsights-shims" "3.0.1"
    "@microsoft/dynamicproto-js" "^2.0.2"
    "@nevware21/ts-async" ">= 0.3.0 < 2.x"
    "@nevware21/ts-utils" ">= 0.10.1 < 2.x"

"@microsoft/dynamicproto-js@^2.0.2":
  version "2.0.2"
  resolved "https://registry.yarnpkg.com/@microsoft/dynamicproto-js/-/dynamicproto-js-2.0.2.tgz#e57fbec2e7067d48b7e8e1e1c1d354028ef718a6"
  integrity sha512-MB8trWaFREpmb037k/d0bB7T2BP7Ai24w1e1tbz3ASLB0/lwphsq3Nq8S9I5AsI5vs4zAQT+SB5nC5/dLYTiOg==
  dependencies:
    "@nevware21/ts-utils" ">= 0.9.4 < 2.x"

"@nevware21/ts-async@>= 0.3.0 < 2.x":
  version "0.3.0"
  resolved "https://registry.yarnpkg.com/@nevware21/ts-async/-/ts-async-0.3.0.tgz#a8b97ba01065fc930de9a3f4dd4a05e862becc6c"
  integrity sha512-ZUcgUH12LN/F6nzN0cYd0F/rJaMLmXr0EHVTyYfaYmK55bdwE4338uue4UiVoRqHVqNW4KDUrJc49iGogHKeWA==
  dependencies:
    "@nevware21/ts-utils" ">= 0.10.0 < 2.x"

"@nevware21/ts-utils@>= 0.10.0 < 2.x", "@nevware21/ts-utils@>= 0.10.1 < 2.x", "@nevware21/ts-utils@>= 0.9.4 < 2.x":
  version "0.10.1"
  resolved "https://registry.yarnpkg.com/@nevware21/ts-utils/-/ts-utils-0.10.1.tgz#aa65abc71eba06749a396598f22263d26f796ac7"
  integrity sha512-pMny25NnF2/MJwdqC3Iyjm2pGIXNxni4AROpcqDeWa+td9JMUY4bUS9uU9XW+BoBRqTLUL+WURF9SOd/6OQzRg==

"@types/node-fetch@^2.5.7":
  version "2.5.7"
  resolved "https://registry.yarnpkg.com/@types/node-fetch/-/node-fetch-2.5.7.tgz#20a2afffa882ab04d44ca786449a276f9f6bbf3c"
  integrity sha512-o2WVNf5UhWRkxlf6eq+jMZDu7kjgpgJfl4xVNlvryc95O/6F2ld8ztKX+qu+Rjyet93WAWm5LjeX9H5FGkODvw==
  dependencies:
    "@types/node" "*"
    form-data "^3.0.0"

"@types/node@*":
  version "14.0.5"
  resolved "https://registry.yarnpkg.com/@types/node/-/node-14.0.5.tgz#3d03acd3b3414cf67faf999aed11682ed121f22b"
  integrity sha512-90hiq6/VqtQgX8Sp0EzeIsv3r+ellbGj4URKj5j30tLlZvRUpnAe9YbYnjl3pJM93GyXU0tghHhvXHq+5rnCKA==

"@types/node@18.x":
  version "18.15.13"
  resolved "https://registry.yarnpkg.com/@types/node/-/node-18.15.13.tgz#f64277c341150c979e42b00e4ac289290c9df469"
  integrity sha512-N+0kuo9KgrUQ1Sn/ifDXsvg0TTleP7rIy4zOBGECxAljqvqfqpTfzx0Q1NUedOixRMBfe2Whhb056a42cWs26Q==

"@vscode/extension-telemetry@0.9.0":
  version "0.9.0"
  resolved "https://registry.yarnpkg.com/@vscode/extension-telemetry/-/extension-telemetry-0.9.0.tgz#8c6c61e253ff304f46045f04edd60059b144417a"
  integrity sha512-37RxGHXrs3GoXPgCUKQhghEu0gxs8j27RLjQwwtSf4WhPdJKz8UrqMYzpsXlliQ05zURYmtdGZst9C6+hfWXaQ==
  dependencies:
    "@microsoft/1ds-core-js" "^4.0.3"
    "@microsoft/1ds-post-js" "^4.0.3"
    "@microsoft/applicationinsights-web-basic" "^3.0.4"

asynckit@^0.4.0:
  version "0.4.0"
  resolved "https://registry.yarnpkg.com/asynckit/-/asynckit-0.4.0.tgz#c79ed97f7f34cb8f2ba1bc9790bcc366474b4b79"
  integrity sha1-x57Zf380y48robyXkLzDZkdLS3k=

axios@^0.26.1:
  version "0.26.1"
  resolved "https://registry.yarnpkg.com/axios/-/axios-0.26.1.tgz#1ede41c51fcf51bbbd6fd43669caaa4f0495aaa9"
  integrity sha512-fPwcX4EvnSHuInCMItEhAGnaSEXRBjtzh9fOtsE6E1G6p7vl7edEeZe11QHf18+6+9gR5PbKV/sGKNaD8YaMeA==
  dependencies:
    follow-redirects "^1.14.8"

combined-stream@^1.0.8:
  version "1.0.8"
  resolved "https://registry.yarnpkg.com/combined-stream/-/combined-stream-1.0.8.tgz#c3d45a8b34fd730631a110a8a2520682b31d5a7f"
  integrity sha512-FQN4MRfuJeHf7cBbBMJFXhKSDq+2kAArBlmRBvcvFE5BB1HZKXtSFASDhdlz9zOYwxh8lDdnvmMOe/+5cdoEdg==
  dependencies:
    delayed-stream "~1.0.0"

delayed-stream@~1.0.0:
  version "1.0.0"
  resolved "https://registry.yarnpkg.com/delayed-stream/-/delayed-stream-1.0.0.tgz#df3ae199acadfb7d440aaae0b29e2272b24ec619"
  integrity sha1-3zrhmayt+31ECqrgsp4icrJOxhk=

follow-redirects@^1.14.8:
  version "1.15.0"
  resolved "https://registry.yarnpkg.com/follow-redirects/-/follow-redirects-1.15.0.tgz#06441868281c86d0dda4ad8bdaead2d02dca89d4"
  integrity sha512-aExlJShTV4qOUOL7yF1U5tvLCB0xQuudbf6toyYA0E/acBNw71mvjFTnLaRp50aQaYocMR0a/RMMBIHeZnGyjQ==

form-data@^3.0.0:
  version "3.0.0"
  resolved "https://registry.yarnpkg.com/form-data/-/form-data-3.0.0.tgz#31b7e39c85f1355b7139ee0c647cf0de7f83c682"
  integrity sha512-CKMFDglpbMi6PyN+brwB9Q/GOw0eAnsrEZDgcsH5Krhz5Od/haKHAX0NmQfha2zPPz0JpWzA7GJHGSnvCRLWsg==
  dependencies:
    asynckit "^0.4.0"
    combined-stream "^1.0.8"
    mime-types "^2.1.12"

mime-db@1.44.0:
  version "1.44.0"
  resolved "https://registry.yarnpkg.com/mime-db/-/mime-db-1.44.0.tgz#fa11c5eb0aca1334b4233cb4d52f10c5a6272f92"
  integrity sha512-/NOTfLrsPBVeH7YtFPgsVWveuL+4SjjYxaQ1xtM1KMFj7HdxlBlxeyNLzhyJVx7r4rZGJAZ/6lkKCitSc/Nmpg==

mime-types@^2.1.12:
  version "2.1.27"
  resolved "https://registry.yarnpkg.com/mime-types/-/mime-types-2.1.27.tgz#47949f98e279ea53119f5722e0f34e529bec009f"
  integrity sha512-JIhqnCasI9yD+SsmkquHBxTSEuZdQX5BuQnS2Vc7puQQQ+8yiP5AY5uWhpdv4YL4VM5c6iliiYWPgJ/nJQLp7w==
  dependencies:
    mime-db "1.44.0"

node-fetch@2.6.12:
  version "2.6.12"
  resolved "https://registry.yarnpkg.com/node-fetch/-/node-fetch-2.6.12.tgz#02eb8e22074018e3d5a83016649d04df0e348fba"
  integrity sha512-C/fGU2E8ToujUivIO0H+tpQ6HWo4eEmchoPIoXtxCrVghxdKq+QOHqEZW7tuP3KlV3bC8FRMO5nMCC7Zm1VP6g==
  dependencies:
    whatwg-url "^5.0.0"

tas-client@0.1.45:
  version "0.1.45"
  resolved "https://registry.yarnpkg.com/tas-client/-/tas-client-0.1.45.tgz#83bbf73f8458a0f527f9a389f7e1c37f63a64a76"
  integrity sha512-IG9UmCpDbDPK23UByQ27rLybkRZYEx2eC9EkieXdwPKKjZPD2zPwfQmyGnZrZet4FUt3yj0ytkwz+liR9Nz/nA==
  dependencies:
    axios "^0.26.1"

tr46@~0.0.3:
  version "0.0.3"
  resolved "https://registry.yarnpkg.com/tr46/-/tr46-0.0.3.tgz#8184fd347dac9cdc185992f3a6622e14b9d9ab6a"
  integrity sha1-gYT9NH2snNwYWZLzpmIuFLnZq2o=

vscode-tas-client@^0.1.47:
  version "0.1.47"
  resolved "https://registry.yarnpkg.com/vscode-tas-client/-/vscode-tas-client-0.1.47.tgz#d66795cbbaa231aba659b6c40d43927d73596375"
  integrity sha512-SlEPDi+0gwxor4ANzBtXwqROPQdQkClHeVJgnkvdDF5Xnl407htCsabTPAq4Di8muObORtLchqQS/k1ocaGDEg==
  dependencies:
    tas-client "0.1.45"

webidl-conversions@^3.0.0:
  version "3.0.1"
  resolved "https://registry.yarnpkg.com/webidl-conversions/-/webidl-conversions-3.0.1.tgz#24534275e2a7bc6be7bc86611cc16ae0a5654871"
  integrity sha1-JFNCdeKnvGvnvIZhHMFq4KVlSHE=

whatwg-url@^5.0.0:
  version "5.0.0"
  resolved "https://registry.yarnpkg.com/whatwg-url/-/whatwg-url-5.0.0.tgz#966454e8765462e37644d3626f6742ce8b70965d"
  integrity sha1-lmRU6HZUYuN2RNNib2dCzotwll0=
  dependencies:
    tr46 "~0.0.3"
    webidl-conversions "^3.0.0"
