# THIS IS AN AUTOGENERATED FILE. DO NOT EDIT THIS FILE DIRECTLY.
# yarn lockfile v1


"@microsoft/1ds-core-js@4.0.5", "@microsoft/1ds-core-js@^4.0.3":
  version "4.0.5"
  resolved "https://registry.yarnpkg.com/@microsoft/1ds-core-js/-/1ds-core-js-4.0.5.tgz#bed75c0e95716c202f784b4b100838b7d9ceb0f9"
  integrity sha512-uTOSUoXt/KgnLlGWED+vLLnYCFq1kDFbej+pGAbR+6tMGajCgw3Xz3Xcal0nYhk9RM2hvWWAt5gs6Bu2Si/46g==
  dependencies:
    "@microsoft/applicationinsights-core-js" "3.0.7"
    "@microsoft/applicationinsights-shims" "3.0.1"
    "@microsoft/dynamicproto-js" "^2.0.2"
    "@nevware21/ts-async" ">= 0.3.0 < 2.x"
    "@nevware21/ts-utils" ">= 0.10.1 < 2.x"

"@microsoft/1ds-post-js@^4.0.3":
  version "4.0.5"
  resolved "https://registry.yarnpkg.com/@microsoft/1ds-post-js/-/1ds-post-js-4.0.5.tgz#6f30dbda65b6ddb6da4510655e80ddd874ffa519"
  integrity sha512-jziJe/nXxgDhnW0sWkXbj9ZfwHXRH6UCn6eGgyWlog3iWP8FgXzna8Rugvct2r43XEqGs6c/NKxuFXAVtyGXjg==
  dependencies:
    "@microsoft/1ds-core-js" "4.0.5"
    "@microsoft/applicationinsights-shims" "3.0.1"
    "@microsoft/dynamicproto-js" "^2.0.2"
    "@nevware21/ts-async" ">= 0.3.0 < 2.x"
    "@nevware21/ts-utils" ">= 0.10.1 < 2.x"

"@microsoft/applicationinsights-channel-js@3.0.7":
  version "3.0.7"
  resolved "https://registry.yarnpkg.com/@microsoft/applicationinsights-channel-js/-/applicationinsights-channel-js-3.0.7.tgz#c5fb45b36bff2ce0d7e068417beb902e22b6bc56"
  integrity sha512-3y8ct8V2bGo7QaYVrfQcWZeOci2tUZhXkme3k7nKa2P7upSX/1d+dPF12EelxrtWVLxtfCQJkk+2W4M1AyejGQ==
  dependencies:
    "@microsoft/applicationinsights-common" "3.0.7"
    "@microsoft/applicationinsights-core-js" "3.0.7"
    "@microsoft/applicationinsights-shims" "3.0.1"
    "@microsoft/dynamicproto-js" "^2.0.2"
    "@nevware21/ts-async" ">= 0.3.0 < 2.x"
    "@nevware21/ts-utils" ">= 0.10.1 < 2.x"

"@microsoft/applicationinsights-common@3.0.7":
  version "3.0.7"
  resolved "https://registry.yarnpkg.com/@microsoft/applicationinsights-common/-/applicationinsights-common-3.0.7.tgz#c008a5db46cbf251460ea043177afae4db14495c"
  integrity sha512-boumvLA7LZu0NmwT9ThpTAI64BNYUlOkFNcjUbYeKNEaE6CBPGX/z25XXlYu+j4hHldDaCn9zC1LuN7AuoMJSA==
  dependencies:
    "@microsoft/applicationinsights-core-js" "3.0.7"
    "@microsoft/applicationinsights-shims" "3.0.1"
    "@microsoft/dynamicproto-js" "^2.0.2"
    "@nevware21/ts-utils" ">= 0.10.1 < 2.x"

"@microsoft/applicationinsights-core-js@3.0.7":
  version "3.0.7"
  resolved "https://registry.yarnpkg.com/@microsoft/applicationinsights-core-js/-/applicationinsights-core-js-3.0.7.tgz#cb508f09bc11491d11c7fdd30bdf1f1c192c08e7"
  integrity sha512-sVnnVW4fWXzZdtUTVjuwH3xGa1cj+tW7r72voMZzyuNOZ41fBOCK9AqoV0nKP5VCgNjySwn6Rpbw82I4TKKosQ==
  dependencies:
    "@microsoft/applicationinsights-shims" "3.0.1"
    "@microsoft/dynamicproto-js" "^2.0.2"
    "@nevware21/ts-async" ">= 0.3.0 < 2.x"
    "@nevware21/ts-utils" ">= 0.10.1 < 2.x"

"@microsoft/applicationinsights-shims@3.0.1":
  version "3.0.1"
  resolved "https://registry.yarnpkg.com/@microsoft/applicationinsights-shims/-/applicationinsights-shims-3.0.1.tgz#3865b73ace8405b9c4618cc5c571f2fe3876f06f"
  integrity sha512-DKwboF47H1nb33rSUfjqI6ryX29v+2QWcTrRvcQDA32AZr5Ilkr7whOOSsD1aBzwqX0RJEIP1Z81jfE3NBm/Lg==
  dependencies:
    "@nevware21/ts-utils" ">= 0.9.4 < 2.x"

"@microsoft/applicationinsights-web-basic@^3.0.6":
  version "3.0.7"
  resolved "https://registry.yarnpkg.com/@microsoft/applicationinsights-web-basic/-/applicationinsights-web-basic-3.0.7.tgz#74fda0668350cd52a609bd8eedae48af7b88d81b"
  integrity sha512-D1Zuv/UMwm37bosZi7aZgjLt4xXTAe98ttAoSel/JThglZ2grYBixBHUjgAGzyno8u9JZElPviRHIAWWYAk3TQ==
  dependencies:
    "@microsoft/applicationinsights-channel-js" "3.0.7"
    "@microsoft/applicationinsights-common" "3.0.7"
    "@microsoft/applicationinsights-core-js" "3.0.7"
    "@microsoft/applicationinsights-shims" "3.0.1"
    "@microsoft/dynamicproto-js" "^2.0.2"
    "@nevware21/ts-async" ">= 0.3.0 < 2.x"
    "@nevware21/ts-utils" ">= 0.10.1 < 2.x"

"@microsoft/dynamicproto-js@^2.0.2":
  version "2.0.2"
  resolved "https://registry.yarnpkg.com/@microsoft/dynamicproto-js/-/dynamicproto-js-2.0.2.tgz#e57fbec2e7067d48b7e8e1e1c1d354028ef718a6"
  integrity sha512-MB8trWaFREpmb037k/d0bB7T2BP7Ai24w1e1tbz3ASLB0/lwphsq3Nq8S9I5AsI5vs4zAQT+SB5nC5/dLYTiOg==
  dependencies:
    "@nevware21/ts-utils" ">= 0.9.4 < 2.x"

"@nevware21/ts-async@>= 0.3.0 < 2.x":
  version "0.4.0"
  resolved "https://registry.yarnpkg.com/@nevware21/ts-async/-/ts-async-0.4.0.tgz#2a581f0dd436379ec9f448cfab9e5a6a4c349d11"
  integrity sha512-dbV826TTehQIBIJjh8GDSbwn1Z6+cnkyNbRlpcpdBPH8mROD2zabIUKqWcw9WRdTjjUIm21K+OR4DXWlAyOVTQ==
  dependencies:
    "@nevware21/ts-utils" ">= 0.10.0 < 2.x"

"@nevware21/ts-utils@>= 0.10.0 < 2.x", "@nevware21/ts-utils@>= 0.10.1 < 2.x", "@nevware21/ts-utils@>= 0.9.4 < 2.x":
  version "0.10.3"
  resolved "https://registry.yarnpkg.com/@nevware21/ts-utils/-/ts-utils-0.10.3.tgz#fcb0207471c74f7e24da0f2ef3b74aa84705bcb0"
  integrity sha512-tr386H8iI9DsqF8DcmdrcTFusU2BgiAX+OrLJcka6G/AOBwauVwIbAR0asuKDjKy/5Tu9jAozPxGgwP9CMx7LA==

"@types/node@18.x":
  version "18.15.13"
  resolved "https://registry.yarnpkg.com/@types/node/-/node-18.15.13.tgz#f64277c341150c979e42b00e4ac289290c9df469"
  integrity sha512-N+0kuo9KgrUQ1Sn/ifDXsvg0TTleP7rIy4zOBGECxAljqvqfqpTfzx0Q1NUedOixRMBfe2Whhb056a42cWs26Q==

"@vscode/extension-telemetry@^0.9.1":
  version "0.9.2"
  resolved "https://registry.yarnpkg.com/@vscode/extension-telemetry/-/extension-telemetry-0.9.2.tgz#da1c3c0f5311b611d31bfa0f9126024efab42b5f"
  integrity sha512-O6VMCDkzypjULhgy2l6fih3c3fExPmSj7aewtW5jBJYgXcIIjtkJOttIfnKOCP4S8sNfc6xc1Do4MbUDmhduEw==
  dependencies:
    "@microsoft/1ds-core-js" "^4.0.3"
    "@microsoft/1ds-post-js" "^4.0.3"
    "@microsoft/applicationinsights-web-basic" "^3.0.6"

balanced-match@^1.0.0:
  version "1.0.0"
  resolved "https://registry.yarnpkg.com/balanced-match/-/balanced-match-1.0.0.tgz#89b4d199ab2bee49de164ea02b89ce462d71b767"
  integrity sha1-ibTRmasr7kneFk6gK4nORi1xt2c=

brace-expansion@^2.0.1:
  version "2.0.1"
  resolved "https://registry.yarnpkg.com/brace-expansion/-/brace-expansion-2.0.1.tgz#1edc459e0f0c548486ecf9fc99f2221364b9a0ae"
  integrity sha512-XnAIvQ8eM+kC6aULx6wuQiwVsnzsi9d3WxzV3FpWTGA19F621kwdbsAcFKXgKUHZWsy+mY6iL1sHTxWEFCytDA==
  dependencies:
    balanced-match "^1.0.0"

lru-cache@^6.0.0:
  version "6.0.0"
  resolved "https://registry.yarnpkg.com/lru-cache/-/lru-cache-6.0.0.tgz#6d6fe6570ebd96aaf90fcad1dafa3b2566db3a94"
  integrity sha512-Jo6dJ04CmSjuznwJSS3pUeWmd/H0ffTlkXXgwZi+eq1UCmqQwCh+eLsYOYCwY991i2Fah4h1BEMCx4qThGbsiA==
  dependencies:
    yallist "^4.0.0"

minimatch@^5.1.0:
  version "5.1.0"
  resolved "https://registry.yarnpkg.com/minimatch/-/minimatch-5.1.0.tgz#1717b464f4971b144f6aabe8f2d0b8e4511e09c7"
  integrity sha512-9TPBGGak4nHfGZsPBohm9AWg6NoT7QTCehS3BIJABslyZbzxfV78QM2Y6+i741OPZIafFAaiiEMh5OyIrJPgtg==
  dependencies:
    brace-expansion "^2.0.1"

request-light@^0.7.0:
  version "0.7.0"
  resolved "https://registry.yarnpkg.com/request-light/-/request-light-0.7.0.tgz#885628bb2f8040c26401ebf258ec51c4ae98ac2a"
  integrity sha512-lMbBMrDoxgsyO+yB3sDcrDuX85yYt7sS8BfQd11jtbW/z5ZWgLZRcEGLsLoYw7I0WSUGQBs8CC8ScIxkTX1+6Q==

semver@^7.3.7:
  version "7.5.4"
  resolved "https://registry.yarnpkg.com/semver/-/semver-7.5.4.tgz#483986ec4ed38e1c6c48c34894a9182dbff68a6e"
  integrity sha512-1bCSESV6Pv+i21Hvpxp3Dx+pSD8lIPt8uVjRrxAUt/nbswYc+tK6Y2btiULjd4+fnq15PX+nqQDC7Oft7WkwcA==
  dependencies:
    lru-cache "^6.0.0"

vscode-jsonrpc@8.2.0-next.0:
  version "8.2.0-next.0"
  resolved "https://registry.yarnpkg.com/vscode-jsonrpc/-/vscode-jsonrpc-8.2.0-next.0.tgz#41409413c8cebf10f2f1b7cc87e330f0e292814c"
  integrity sha512-13jYzaFQpTz5qQ2P+l5c/iTVsj1wUpflP0CR/v4XaEpM0oToLEXZBTcuuox1WaGIbu3Av3xxmGNU4Hydl1iNKg==

vscode-languageclient@^8.2.0-next.1:
  version "8.2.0-next.1"
  resolved "https://registry.yarnpkg.com/vscode-languageclient/-/vscode-languageclient-8.2.0-next.1.tgz#a3f98b80cfa3225fde0583aa6a5c9b20219fa37e"
  integrity sha512-oITaqHQ10PM3zXCUu/104wriMeDutXMkQXMaRBWh1jKihcNcUBLC/os7RhqiVGypY0nl+F0pwStAf4Koc8inaw==
  dependencies:
    minimatch "^5.1.0"
    semver "^7.3.7"
    vscode-languageserver-protocol "3.17.4-next.1"

vscode-languageserver-protocol@3.17.4-next.1:
  version "3.17.4-next.1"
  resolved "https://registry.yarnpkg.com/vscode-languageserver-protocol/-/vscode-languageserver-protocol-3.17.4-next.1.tgz#a15480e1bc663853ae90ded226efafc5ab333616"
  integrity sha512-qrK4BycgPR/+nkRN9PRVTblkLp+kUPUmAgF6rDhFzZIPXW4/MqWwFUT8uswIMGdlTPPgCEkFO/AYEZK1fDXODg==
  dependencies:
    vscode-jsonrpc "8.2.0-next.0"
    vscode-languageserver-types "3.17.4-next.0"

vscode-languageserver-types@3.17.4-next.0:
  version "3.17.4-next.0"
  resolved "https://registry.yarnpkg.com/vscode-languageserver-types/-/vscode-languageserver-types-3.17.4-next.0.tgz#4b5238d21cceaeb836d36a05d23c61a8c0238de2"
  integrity sha512-2FPKboHnT04xYjfM8JpJVBz4a/tryMw58jmzucaabZMZN5hzoFBrhc97jNG4n6edr9JUb9+QSwwcAcYpDTAoag==

yallist@^4.0.0:
  version "4.0.0"
  resolved "https://registry.yarnpkg.com/yallist/-/yallist-4.0.0.tgz#9bb92790d9c0effec63be73519e11a35019a3a72"
  integrity sha512-3wdGidZyq5PB084XLES5TpOSRA3wjXAlIWMhum2kRcv/41Sn2emQ0dycQW4uZXLejwKvg6EsvbdlVL+FYEct7A==
