# THIS IS AN AUTOGENERATED FILE. DO NOT EDIT THIS FILE DIRECTLY.
# yarn lockfile v1


"@microsoft/1ds-core-js@4.0.4", "@microsoft/1ds-core-js@^4.0.3":
  version "4.0.4"
  resolved "https://registry.yarnpkg.com/@microsoft/1ds-core-js/-/1ds-core-js-4.0.4.tgz#0f930ccc8743ef4ed951c0cba80ca55129cba522"
  integrity sha512-QOCE0fTDOMNptB791chnVlfnRvb7faDQTaUIO3DfPBkvjF3PUAJJCsqJKWitw7nwVn8L82TFx+K22UifIr0zkg==
  dependencies:
    "@microsoft/applicationinsights-core-js" "3.0.5"
    "@microsoft/applicationinsights-shims" "3.0.1"
    "@microsoft/dynamicproto-js" "^2.0.2"
    "@nevware21/ts-async" ">= 0.3.0 < 2.x"
    "@nevware21/ts-utils" ">= 0.10.1 < 2.x"

"@microsoft/1ds-post-js@^4.0.3":
  version "4.0.4"
  resolved "https://registry.yarnpkg.com/@microsoft/1ds-post-js/-/1ds-post-js-4.0.4.tgz#a965d47edc177228484035aaecae75b544f1d9c7"
  integrity sha512-jlPNL16iRXzmXfriGXv0INzrAl3AeDx+eCORjq8ZjRhIvohB6Q88m5E28nL6Drf5hJWE2ehoW4q8Vh612VoEHw==
  dependencies:
    "@microsoft/1ds-core-js" "4.0.4"
    "@microsoft/applicationinsights-shims" "3.0.1"
    "@microsoft/dynamicproto-js" "^2.0.2"
    "@nevware21/ts-async" ">= 0.3.0 < 2.x"
    "@nevware21/ts-utils" ">= 0.10.1 < 2.x"

"@microsoft/applicationinsights-channel-js@3.0.6":
  version "3.0.6"
  resolved "https://registry.yarnpkg.com/@microsoft/applicationinsights-channel-js/-/applicationinsights-channel-js-3.0.6.tgz#084a09c94ea7be0edbb07579bf4a29a8d0b89740"
  integrity sha512-nWcElBm7OKUv7w0xvegxrQFbMH2NSLBU8WBSaTaiqo48aXqWnKWrqEaGvCGKpOCH5G33of3XC7DUJ6f4gdOEcA==
  dependencies:
    "@microsoft/applicationinsights-common" "3.0.6"
    "@microsoft/applicationinsights-core-js" "3.0.6"
    "@microsoft/applicationinsights-shims" "3.0.1"
    "@microsoft/dynamicproto-js" "^2.0.2"
    "@nevware21/ts-async" ">= 0.3.0 < 2.x"
    "@nevware21/ts-utils" ">= 0.10.1 < 2.x"

"@microsoft/applicationinsights-common@3.0.6":
  version "3.0.6"
  resolved "https://registry.yarnpkg.com/@microsoft/applicationinsights-common/-/applicationinsights-common-3.0.6.tgz#1720f5159e7087b6605254ea51f6f9a9a6ad8535"
  integrity sha512-GlmuaE+U1G7IbfGuElOYdKjmFMErI5b1iJpDfWXY6qpoL2a/sBIc1dviw7NP2/4CwFBkoFGPMDT/3aO3e7Yu3w==
  dependencies:
    "@microsoft/applicationinsights-core-js" "3.0.6"
    "@microsoft/applicationinsights-shims" "3.0.1"
    "@microsoft/dynamicproto-js" "^2.0.2"
    "@nevware21/ts-utils" ">= 0.10.1 < 2.x"

"@microsoft/applicationinsights-core-js@3.0.5":
  version "3.0.5"
  resolved "https://registry.yarnpkg.com/@microsoft/applicationinsights-core-js/-/applicationinsights-core-js-3.0.5.tgz#c6051f5b5087ec42756169b31fb1148fb10bb606"
  integrity sha512-/x+tkxsVALNWSvwGMyaLwFPdD3p156Pef9WHftXrzrKkJ+685nhrwm9MqHIyEHHpSW09ElOdpJ3rfFVqpKRQyQ==
  dependencies:
    "@microsoft/applicationinsights-shims" "3.0.1"
    "@microsoft/dynamicproto-js" "^2.0.2"
    "@nevware21/ts-async" ">= 0.3.0 < 2.x"
    "@nevware21/ts-utils" ">= 0.10.1 < 2.x"

"@microsoft/applicationinsights-core-js@3.0.6":
  version "3.0.6"
  resolved "https://registry.yarnpkg.com/@microsoft/applicationinsights-core-js/-/applicationinsights-core-js-3.0.6.tgz#98b91baa533300576933643c20e148099c16dbdd"
  integrity sha512-9OFBYckg/msyllE0NOwXgCvwHochKKUDbydl3LF3UcltGIE14pLYoXiWJd9+m+oRaf0k3CUYl2mVcyytWgPQZw==
  dependencies:
    "@microsoft/applicationinsights-shims" "3.0.1"
    "@microsoft/dynamicproto-js" "^2.0.2"
    "@nevware21/ts-async" ">= 0.3.0 < 2.x"
    "@nevware21/ts-utils" ">= 0.10.1 < 2.x"

"@microsoft/applicationinsights-shims@3.0.1":
  version "3.0.1"
  resolved "https://registry.yarnpkg.com/@microsoft/applicationinsights-shims/-/applicationinsights-shims-3.0.1.tgz#3865b73ace8405b9c4618cc5c571f2fe3876f06f"
  integrity sha512-DKwboF47H1nb33rSUfjqI6ryX29v+2QWcTrRvcQDA32AZr5Ilkr7whOOSsD1aBzwqX0RJEIP1Z81jfE3NBm/Lg==
  dependencies:
    "@nevware21/ts-utils" ">= 0.9.4 < 2.x"

"@microsoft/applicationinsights-web-basic@^3.0.6":
  version "3.0.6"
  resolved "https://registry.yarnpkg.com/@microsoft/applicationinsights-web-basic/-/applicationinsights-web-basic-3.0.6.tgz#c92c65d5cbafb48beed110f388a92567f4522af3"
  integrity sha512-HwhZha6c78BVrkgRX5OaZBCO4hX4FlikvVHMKAQHLv1Le9nN7sBnt5VNiV5ikjA3ir04vRXmrDCn0GomMiKZ0g==
  dependencies:
    "@microsoft/applicationinsights-channel-js" "3.0.6"
    "@microsoft/applicationinsights-common" "3.0.6"
    "@microsoft/applicationinsights-core-js" "3.0.6"
    "@microsoft/applicationinsights-shims" "3.0.1"
    "@microsoft/dynamicproto-js" "^2.0.2"
    "@nevware21/ts-async" ">= 0.3.0 < 2.x"
    "@nevware21/ts-utils" ">= 0.10.1 < 2.x"

"@microsoft/dynamicproto-js@^2.0.2":
  version "2.0.2"
  resolved "https://registry.yarnpkg.com/@microsoft/dynamicproto-js/-/dynamicproto-js-2.0.2.tgz#e57fbec2e7067d48b7e8e1e1c1d354028ef718a6"
  integrity sha512-MB8trWaFREpmb037k/d0bB7T2BP7Ai24w1e1tbz3ASLB0/lwphsq3Nq8S9I5AsI5vs4zAQT+SB5nC5/dLYTiOg==
  dependencies:
    "@nevware21/ts-utils" ">= 0.9.4 < 2.x"

"@nevware21/ts-async@>= 0.3.0 < 2.x":
  version "0.3.0"
  resolved "https://registry.yarnpkg.com/@nevware21/ts-async/-/ts-async-0.3.0.tgz#a8b97ba01065fc930de9a3f4dd4a05e862becc6c"
  integrity sha512-ZUcgUH12LN/F6nzN0cYd0F/rJaMLmXr0EHVTyYfaYmK55bdwE4338uue4UiVoRqHVqNW4KDUrJc49iGogHKeWA==
  dependencies:
    "@nevware21/ts-utils" ">= 0.10.0 < 2.x"

"@nevware21/ts-utils@>= 0.10.0 < 2.x", "@nevware21/ts-utils@>= 0.10.1 < 2.x", "@nevware21/ts-utils@>= 0.9.4 < 2.x":
  version "0.10.1"
  resolved "https://registry.yarnpkg.com/@nevware21/ts-utils/-/ts-utils-0.10.1.tgz#aa65abc71eba06749a396598f22263d26f796ac7"
  integrity sha512-pMny25NnF2/MJwdqC3Iyjm2pGIXNxni4AROpcqDeWa+td9JMUY4bUS9uU9XW+BoBRqTLUL+WURF9SOd/6OQzRg==

"@types/node@18.x":
  version "18.15.13"
  resolved "https://registry.yarnpkg.com/@types/node/-/node-18.15.13.tgz#f64277c341150c979e42b00e4ac289290c9df469"
  integrity sha512-N+0kuo9KgrUQ1Sn/ifDXsvg0TTleP7rIy4zOBGECxAljqvqfqpTfzx0Q1NUedOixRMBfe2Whhb056a42cWs26Q==

"@vscode/extension-telemetry@^0.9.0":
  version "0.9.1"
  resolved "https://registry.yarnpkg.com/@vscode/extension-telemetry/-/extension-telemetry-0.9.1.tgz#53109a836f9719c979b91bdac0a8b6b5baa5f8ac"
  integrity sha512-reNIlRPkr/u9RXkx8dC7qb+Fl7vYXJjtNOHYyr36vEiyE7ZUhCrNJXf+j2Kp6uy48lqYNBYnuaFdJp8X/YPBWQ==
  dependencies:
    "@microsoft/1ds-core-js" "^4.0.3"
    "@microsoft/1ds-post-js" "^4.0.3"
    "@microsoft/applicationinsights-web-basic" "^3.0.6"

balanced-match@^1.0.0:
  version "1.0.0"
  resolved "https://registry.yarnpkg.com/balanced-match/-/balanced-match-1.0.0.tgz#89b4d199ab2bee49de164ea02b89ce462d71b767"
  integrity sha1-ibTRmasr7kneFk6gK4nORi1xt2c=

brace-expansion@^2.0.1:
  version "2.0.1"
  resolved "https://registry.yarnpkg.com/brace-expansion/-/brace-expansion-2.0.1.tgz#1edc459e0f0c548486ecf9fc99f2221364b9a0ae"
  integrity sha512-XnAIvQ8eM+kC6aULx6wuQiwVsnzsi9d3WxzV3FpWTGA19F621kwdbsAcFKXgKUHZWsy+mY6iL1sHTxWEFCytDA==
  dependencies:
    balanced-match "^1.0.0"

lru-cache@^6.0.0:
  version "6.0.0"
  resolved "https://registry.yarnpkg.com/lru-cache/-/lru-cache-6.0.0.tgz#6d6fe6570ebd96aaf90fcad1dafa3b2566db3a94"
  integrity sha512-Jo6dJ04CmSjuznwJSS3pUeWmd/H0ffTlkXXgwZi+eq1UCmqQwCh+eLsYOYCwY991i2Fah4h1BEMCx4qThGbsiA==
  dependencies:
    yallist "^4.0.0"

minimatch@^5.1.0:
  version "5.1.0"
  resolved "https://registry.yarnpkg.com/minimatch/-/minimatch-5.1.0.tgz#1717b464f4971b144f6aabe8f2d0b8e4511e09c7"
  integrity sha512-9TPBGGak4nHfGZsPBohm9AWg6NoT7QTCehS3BIJABslyZbzxfV78QM2Y6+i741OPZIafFAaiiEMh5OyIrJPgtg==
  dependencies:
    brace-expansion "^2.0.1"

request-light@^0.7.0:
  version "0.7.0"
  resolved "https://registry.yarnpkg.com/request-light/-/request-light-0.7.0.tgz#885628bb2f8040c26401ebf258ec51c4ae98ac2a"
  integrity sha512-lMbBMrDoxgsyO+yB3sDcrDuX85yYt7sS8BfQd11jtbW/z5ZWgLZRcEGLsLoYw7I0WSUGQBs8CC8ScIxkTX1+6Q==

semver@^7.3.7:
  version "7.5.4"
  resolved "https://registry.yarnpkg.com/semver/-/semver-7.5.4.tgz#483986ec4ed38e1c6c48c34894a9182dbff68a6e"
  integrity sha512-1bCSESV6Pv+i21Hvpxp3Dx+pSD8lIPt8uVjRrxAUt/nbswYc+tK6Y2btiULjd4+fnq15PX+nqQDC7Oft7WkwcA==
  dependencies:
    lru-cache "^6.0.0"

vscode-jsonrpc@8.2.0-next.0:
  version "8.2.0-next.0"
  resolved "https://registry.yarnpkg.com/vscode-jsonrpc/-/vscode-jsonrpc-8.2.0-next.0.tgz#41409413c8cebf10f2f1b7cc87e330f0e292814c"
  integrity sha512-13jYzaFQpTz5qQ2P+l5c/iTVsj1wUpflP0CR/v4XaEpM0oToLEXZBTcuuox1WaGIbu3Av3xxmGNU4Hydl1iNKg==

vscode-languageclient@^8.2.0-next.1:
  version "8.2.0-next.1"
  resolved "https://registry.yarnpkg.com/vscode-languageclient/-/vscode-languageclient-8.2.0-next.1.tgz#a3f98b80cfa3225fde0583aa6a5c9b20219fa37e"
  integrity sha512-oITaqHQ10PM3zXCUu/104wriMeDutXMkQXMaRBWh1jKihcNcUBLC/os7RhqiVGypY0nl+F0pwStAf4Koc8inaw==
  dependencies:
    minimatch "^5.1.0"
    semver "^7.3.7"
    vscode-languageserver-protocol "3.17.4-next.1"

vscode-languageserver-protocol@3.17.4-next.1:
  version "3.17.4-next.1"
  resolved "https://registry.yarnpkg.com/vscode-languageserver-protocol/-/vscode-languageserver-protocol-3.17.4-next.1.tgz#a15480e1bc663853ae90ded226efafc5ab333616"
  integrity sha512-qrK4BycgPR/+nkRN9PRVTblkLp+kUPUmAgF6rDhFzZIPXW4/MqWwFUT8uswIMGdlTPPgCEkFO/AYEZK1fDXODg==
  dependencies:
    vscode-jsonrpc "8.2.0-next.0"
    vscode-languageserver-types "3.17.4-next.0"

vscode-languageserver-types@3.17.4-next.0:
  version "3.17.4-next.0"
  resolved "https://registry.yarnpkg.com/vscode-languageserver-types/-/vscode-languageserver-types-3.17.4-next.0.tgz#4b5238d21cceaeb836d36a05d23c61a8c0238de2"
  integrity sha512-2FPKboHnT04xYjfM8JpJVBz4a/tryMw58jmzucaabZMZN5hzoFBrhc97jNG4n6edr9JUb9+QSwwcAcYpDTAoag==

yallist@^4.0.0:
  version "4.0.0"
  resolved "https://registry.yarnpkg.com/yallist/-/yallist-4.0.0.tgz#9bb92790d9c0effec63be73519e11a35019a3a72"
  integrity sha512-3wdGidZyq5PB084XLES5TpOSRA3wjXAlIWMhum2kRcv/41Sn2emQ0dycQW4uZXLejwKvg6EsvbdlVL+FYEct7A==
