# THIS IS AN AUTOGENERATED FILE. DO NOT EDIT THIS FILE DIRECTLY.
# yarn lockfile v1


"@microsoft/1ds-core-js@4.0.4", "@microsoft/1ds-core-js@^4.0.3":
  version "4.0.4"
  resolved "https://registry.yarnpkg.com/@microsoft/1ds-core-js/-/1ds-core-js-4.0.4.tgz#0f930ccc8743ef4ed951c0cba80ca55129cba522"
  integrity sha512-QOCE0fTDOMNptB791chnVlfnRvb7faDQTaUIO3DfPBkvjF3PUAJJCsqJKWitw7nwVn8L82TFx+K22UifIr0zkg==
  dependencies:
    "@microsoft/applicationinsights-core-js" "3.0.5"
    "@microsoft/applicationinsights-shims" "3.0.1"
    "@microsoft/dynamicproto-js" "^2.0.2"
    "@nevware21/ts-async" ">= 0.3.0 < 2.x"
    "@nevware21/ts-utils" ">= 0.10.1 < 2.x"

"@microsoft/1ds-post-js@^4.0.3":
  version "4.0.4"
  resolved "https://registry.yarnpkg.com/@microsoft/1ds-post-js/-/1ds-post-js-4.0.4.tgz#a965d47edc177228484035aaecae75b544f1d9c7"
  integrity sha512-jlPNL16iRXzmXfriGXv0INzrAl3AeDx+eCORjq8ZjRhIvohB6Q88m5E28nL6Drf5hJWE2ehoW4q8Vh612VoEHw==
  dependencies:
    "@microsoft/1ds-core-js" "4.0.4"
    "@microsoft/applicationinsights-shims" "3.0.1"
    "@microsoft/dynamicproto-js" "^2.0.2"
    "@nevware21/ts-async" ">= 0.3.0 < 2.x"
    "@nevware21/ts-utils" ">= 0.10.1 < 2.x"

"@microsoft/applicationinsights-channel-js@3.0.5":
  version "3.0.5"
  resolved "https://registry.yarnpkg.com/@microsoft/applicationinsights-channel-js/-/applicationinsights-channel-js-3.0.5.tgz#1ecaf2189452ab7f92d7251a18ae9fd35c12b05f"
  integrity sha512-KfTYY0uZmrQgrz8ErBh1q08eiYfzjUIVzJZHETgEkqv3l2RTndQgpmywDbVNf9wVTB7Mp89ZrFeCciVJFf5geg==
  dependencies:
    "@microsoft/applicationinsights-common" "3.0.5"
    "@microsoft/applicationinsights-core-js" "3.0.5"
    "@microsoft/applicationinsights-shims" "3.0.1"
    "@microsoft/dynamicproto-js" "^2.0.2"
    "@nevware21/ts-async" ">= 0.3.0 < 2.x"
    "@nevware21/ts-utils" ">= 0.10.1 < 2.x"

"@microsoft/applicationinsights-common@3.0.5":
  version "3.0.5"
  resolved "https://registry.yarnpkg.com/@microsoft/applicationinsights-common/-/applicationinsights-common-3.0.5.tgz#c35b6f5f62d7ae71bff6bd54e072d20b234cf4cb"
  integrity sha512-ahph1fMqyLcZ1twzDKMzpHRgR9zEIyqNhMQxDgQ45ieVD641bZiYVwSlbntSXhGCtr5G5HE02zlEzwSxbx95ng==
  dependencies:
    "@microsoft/applicationinsights-core-js" "3.0.5"
    "@microsoft/applicationinsights-shims" "3.0.1"
    "@microsoft/dynamicproto-js" "^2.0.2"
    "@nevware21/ts-utils" ">= 0.10.1 < 2.x"

"@microsoft/applicationinsights-core-js@3.0.5":
  version "3.0.5"
  resolved "https://registry.yarnpkg.com/@microsoft/applicationinsights-core-js/-/applicationinsights-core-js-3.0.5.tgz#c6051f5b5087ec42756169b31fb1148fb10bb606"
  integrity sha512-/x+tkxsVALNWSvwGMyaLwFPdD3p156Pef9WHftXrzrKkJ+685nhrwm9MqHIyEHHpSW09ElOdpJ3rfFVqpKRQyQ==
  dependencies:
    "@microsoft/applicationinsights-shims" "3.0.1"
    "@microsoft/dynamicproto-js" "^2.0.2"
    "@nevware21/ts-async" ">= 0.3.0 < 2.x"
    "@nevware21/ts-utils" ">= 0.10.1 < 2.x"

"@microsoft/applicationinsights-shims@3.0.1":
  version "3.0.1"
  resolved "https://registry.yarnpkg.com/@microsoft/applicationinsights-shims/-/applicationinsights-shims-3.0.1.tgz#3865b73ace8405b9c4618cc5c571f2fe3876f06f"
  integrity sha512-DKwboF47H1nb33rSUfjqI6ryX29v+2QWcTrRvcQDA32AZr5Ilkr7whOOSsD1aBzwqX0RJEIP1Z81jfE3NBm/Lg==
  dependencies:
    "@nevware21/ts-utils" ">= 0.9.4 < 2.x"

"@microsoft/applicationinsights-web-basic@^3.0.4":
  version "3.0.5"
  resolved "https://registry.yarnpkg.com/@microsoft/applicationinsights-web-basic/-/applicationinsights-web-basic-3.0.5.tgz#ccb554990b3862add96bf8e88e92cacbab7c2488"
  integrity sha512-ps4wjmF9X80hakYxywlzBdSlDjfToZrz/cHKA/9yarrW3mbZGqjjksNoaFxtyU5BK4lhOvrgu+2+QcDHeEEnOA==
  dependencies:
    "@microsoft/applicationinsights-channel-js" "3.0.5"
    "@microsoft/applicationinsights-common" "3.0.5"
    "@microsoft/applicationinsights-core-js" "3.0.5"
    "@microsoft/applicationinsights-shims" "3.0.1"
    "@microsoft/dynamicproto-js" "^2.0.2"
    "@nevware21/ts-async" ">= 0.3.0 < 2.x"
    "@nevware21/ts-utils" ">= 0.10.1 < 2.x"

"@microsoft/dynamicproto-js@^2.0.2":
  version "2.0.2"
  resolved "https://registry.yarnpkg.com/@microsoft/dynamicproto-js/-/dynamicproto-js-2.0.2.tgz#e57fbec2e7067d48b7e8e1e1c1d354028ef718a6"
  integrity sha512-MB8trWaFREpmb037k/d0bB7T2BP7Ai24w1e1tbz3ASLB0/lwphsq3Nq8S9I5AsI5vs4zAQT+SB5nC5/dLYTiOg==
  dependencies:
    "@nevware21/ts-utils" ">= 0.9.4 < 2.x"

"@nevware21/ts-async@>= 0.3.0 < 2.x":
  version "0.3.0"
  resolved "https://registry.yarnpkg.com/@nevware21/ts-async/-/ts-async-0.3.0.tgz#a8b97ba01065fc930de9a3f4dd4a05e862becc6c"
  integrity sha512-ZUcgUH12LN/F6nzN0cYd0F/rJaMLmXr0EHVTyYfaYmK55bdwE4338uue4UiVoRqHVqNW4KDUrJc49iGogHKeWA==
  dependencies:
    "@nevware21/ts-utils" ">= 0.10.0 < 2.x"

"@nevware21/ts-utils@>= 0.10.0 < 2.x", "@nevware21/ts-utils@>= 0.10.1 < 2.x", "@nevware21/ts-utils@>= 0.9.4 < 2.x":
  version "0.10.1"
  resolved "https://registry.yarnpkg.com/@nevware21/ts-utils/-/ts-utils-0.10.1.tgz#aa65abc71eba06749a396598f22263d26f796ac7"
  integrity sha512-pMny25NnF2/MJwdqC3Iyjm2pGIXNxni4AROpcqDeWa+td9JMUY4bUS9uU9XW+BoBRqTLUL+WURF9SOd/6OQzRg==

"@types/vscode-webview@^1.57.0":
  version "1.57.0"
  resolved "https://registry.yarnpkg.com/@types/vscode-webview/-/vscode-webview-1.57.0.tgz#bad5194d45ae8d03afc1c0f67f71ff5e7a243bbf"
  integrity sha512-x3Cb/SMa1IwRHfSvKaZDZOTh4cNoG505c3NjTqGlMC082m++x/ETUmtYniDsw6SSmYzZXO8KBNhYxR0+VqymqA==

"@vscode/extension-telemetry@0.9.0":
  version "0.9.0"
  resolved "https://registry.yarnpkg.com/@vscode/extension-telemetry/-/extension-telemetry-0.9.0.tgz#8c6c61e253ff304f46045f04edd60059b144417a"
  integrity sha512-37RxGHXrs3GoXPgCUKQhghEu0gxs8j27RLjQwwtSf4WhPdJKz8UrqMYzpsXlliQ05zURYmtdGZst9C6+hfWXaQ==
  dependencies:
    "@microsoft/1ds-core-js" "^4.0.3"
    "@microsoft/1ds-post-js" "^4.0.3"
    "@microsoft/applicationinsights-web-basic" "^3.0.4"

vscode-codicons@^0.0.14:
  version "0.0.14"
  resolved "https://registry.yarnpkg.com/vscode-codicons/-/vscode-codicons-0.0.14.tgz#e0d05418e2e195564ff6f6a2199d70415911c18f"
  integrity sha512-6CEH5KT9ct5WMw7n5dlX7rB8ya4CUI2FSq1Wk36XaW+c5RglFtAanUV0T+gvZVVFhl/WxfjTvFHq06Hz9c1SLA==
